// !$*UTF8*$!
{
	archiveVersion = 1;
	classes = {
	};
	objectVersion = 56;
	objects = {

/* Begin PBXBuildFile section */
		B001 /* EnglishRepeaterApp.swift in Sources */ = {isa = PBXBuildFile; fileRef = A001 /* EnglishRepeaterApp.swift */; };
		B002 /* PlayerViewModel.swift in Sources */ = {isa = PBXBuildFile; fileRef = A002 /* PlayerViewModel.swift */; };
		B003 /* SettingsView.swift in Sources */ = {isa = PBXBuildFile; fileRef = A003 /* SettingsView.swift */; };
		B004 /* LibraryItem.swift in Sources */ = {isa = PBXBuildFile; fileRef = A004 /* LibraryItem.swift */; };
		B005 /* LibraryView.swift in Sources */ = {isa = PBXBuildFile; fileRef = A005 /* LibraryView.swift */; };
		B006 /* PlayerView.swift in Sources */ = {isa = PBXBuildFile; fileRef = A006 /* PlayerView.swift */; };
		B007 /* Assets.xcassets in Resources */ = {isa = PBXBuildFile; fileRef = A008 /* Assets.xcassets */; };
		B014 /* PrivacyInfo.xcprivacy in Resources */ = {isa = PBXBuildFile; fileRef = A015 /* PrivacyInfo.xcprivacy */; };
		B008 /* SpeechRecognizer.swift in Sources */ = {isa = PBXBuildFile; fileRef = A009 /* SpeechRecognizer.swift */; };
		B009 /* AIExplainer.swift in Sources */ = {isa = PBXBuildFile; fileRef = A010 /* AIExplainer.swift */; };
		B010 /* ListeningStats.swift in Sources */ = {isa = PBXBuildFile; fileRef = A011 /* ListeningStats.swift */; };
		B011 /* Theme.swift in Sources */ = {isa = PBXBuildFile; fileRef = A012 /* Theme.swift */; };
		B012 /* Folder.swift in Sources */ = {isa = PBXBuildFile; fileRef = A013 /* Folder.swift */; };
		B013 /* LyricTrack.swift in Sources */ = {isa = PBXBuildFile; fileRef = A014 /* LyricTrack.swift */; };
/* End PBXBuildFile section */

/* Begin PBXFileReference section */
		A000 /* EnglishRepeater.app */ = {isa = PBXFileReference; explicitFileType = wrapper.application; includeInIndex = 0; path = EnglishRepeater.app; sourceTree = BUILT_PRODUCTS_DIR; };
		A001 /* EnglishRepeaterApp.swift */ = {isa = PBXFileReference; lastKnownFileType = sourcecode.swift; path = EnglishRepeaterApp.swift; sourceTree = "<group>"; };
		A002 /* PlayerViewModel.swift */ = {isa = PBXFileReference; lastKnownFileType = sourcecode.swift; path = PlayerViewModel.swift; sourceTree = "<group>"; };
		A003 /* SettingsView.swift */ = {isa = PBXFileReference; lastKnownFileType = sourcecode.swift; path = SettingsView.swift; sourceTree = "<group>"; };
		A004 /* LibraryItem.swift */ = {isa = PBXFileReference; lastKnownFileType = sourcecode.swift; path = LibraryItem.swift; sourceTree = "<group>"; };
		A005 /* LibraryView.swift */ = {isa = PBXFileReference; lastKnownFileType = sourcecode.swift; path = LibraryView.swift; sourceTree = "<group>"; };
		A006 /* PlayerView.swift */ = {isa = PBXFileReference; lastKnownFileType = sourcecode.swift; path = PlayerView.swift; sourceTree = "<group>"; };
		A007 /* Info.plist */ = {isa = PBXFileReference; lastKnownFileType = text.plist.xml; path = Info.plist; sourceTree = "<group>"; };
		A008 /* Assets.xcassets */ = {isa = PBXFileReference; lastKnownFileType = folder.assetcatalog; path = Assets.xcassets; sourceTree = "<group>"; };
		A015 /* PrivacyInfo.xcprivacy */ = {isa = PBXFileReference; lastKnownFileType = text.plist.xml; path = PrivacyInfo.xcprivacy; sourceTree = "<group>"; };
		A009 /* SpeechRecognizer.swift */ = {isa = PBXFileReference; lastKnownFileType = sourcecode.swift; path = SpeechRecognizer.swift; sourceTree = "<group>"; };
		A010 /* AIExplainer.swift */ = {isa = PBXFileReference; lastKnownFileType = sourcecode.swift; path = AIExplainer.swift; sourceTree = "<group>"; };
		A011 /* ListeningStats.swift */ = {isa = PBXFileReference; lastKnownFileType = sourcecode.swift; path = ListeningStats.swift; sourceTree = "<group>"; };
		A012 /* Theme.swift */ = {isa = PBXFileReference; lastKnownFileType = sourcecode.swift; path = Theme.swift; sourceTree = "<group>"; };
		A013 /* Folder.swift */ = {isa = PBXFileReference; lastKnownFileType = sourcecode.swift; path = Folder.swift; sourceTree = "<group>"; };
		A014 /* LyricTrack.swift */ = {isa = PBXFileReference; lastKnownFileType = sourcecode.swift; path = LyricTrack.swift; sourceTree = "<group>"; };
/* End PBXFileReference section */

/* Begin PBXFrameworksBuildPhase section */
		C001 /* Frameworks */ = {
			isa = PBXFrameworksBuildPhase;
			buildActionMask = 2147483647;
			files = (
			);
			runOnlyForDeploymentPostprocessing = 0;
		};
/* End PBXFrameworksBuildPhase section */

/* Begin PBXGroup section */
		G000 = {
			isa = PBXGroup;
			children = (
				G001 /* EnglishRepeater */,
				G002 /* Products */,
			);
			sourceTree = "<group>";
		};
		G001 /* EnglishRepeater */ = {
			isa = PBXGroup;
			children = (
				A001 /* EnglishRepeaterApp.swift */,
				A004 /* LibraryItem.swift */,
				A005 /* LibraryView.swift */,
				A006 /* PlayerView.swift */,
				A002 /* PlayerViewModel.swift */,
				A003 /* SettingsView.swift */,
				A009 /* SpeechRecognizer.swift */,
				A010 /* AIExplainer.swift */,
				A011 /* ListeningStats.swift */,
				A012 /* Theme.swift */,
				A013 /* Folder.swift */,
				A014 /* LyricTrack.swift */,
				A008 /* Assets.xcassets */,
				A015 /* PrivacyInfo.xcprivacy */,
				A007 /* Info.plist */,
			);
			path = EnglishRepeater;
			sourceTree = "<group>";
		};
		G002 /* Products */ = {
			isa = PBXGroup;
			children = (
				A000 /* EnglishRepeater.app */,
			);
			name = Products;
			sourceTree = "<group>";
		};
/* End PBXGroup section */

/* Begin PBXNativeTarget section */
		T001 /* EnglishRepeater */ = {
			isa = PBXNativeTarget;
			buildConfigurationList = XCL001 /* Build configuration list for PBXNativeTarget "EnglishRepeater" */;
			buildPhases = (
				C002 /* Sources */,
				C001 /* Frameworks */,
				C003 /* Resources */,
			);
			buildRules = (
			);
			dependencies = (
			);
			name = EnglishRepeater;
			productName = EnglishRepeater;
			productReference = A000 /* EnglishRepeater.app */;
			productType = "com.apple.product-type.application";
		};
/* End PBXNativeTarget section */

/* Begin PBXProject section */
		P001 /* Project object */ = {
			isa = PBXProject;
			attributes = {
				BuildIndependentTargetsInParallel = 1;
				LastSwiftUpdateCheck = 1500;
				LastUpgradeCheck = 1620;
				TargetAttributes = {
					T001 = {
						CreatedOnToolsVersion = 15.0;
					};
				};
			};
			buildConfigurationList = XCL000 /* Build configuration list for PBXProject "EnglishRepeater" */;
			compatibilityVersion = "Xcode 14.0";
			developmentRegion = en;
			hasScannedForEncodings = 0;
			knownRegions = (
				en,
				Base,
			);
			mainGroup = G000;
			productRefGroup = G002 /* Products */;
			projectDirPath = "";
			projectRoot = "";
			targets = (
				T001 /* EnglishRepeater */,
			);
		};
/* End PBXProject section */

/* Begin PBXResourcesBuildPhase section */
		C003 /* Resources */ = {
			isa = PBXResourcesBuildPhase;
			buildActionMask = 2147483647;
			files = (
				B007 /* Assets.xcassets in Resources */,
				B014 /* PrivacyInfo.xcprivacy in Resources */,
			);
			runOnlyForDeploymentPostprocessing = 0;
		};
/* End PBXResourcesBuildPhase section */

/* Begin PBXSourcesBuildPhase section */
		C002 /* Sources */ = {
			isa = PBXSourcesBuildPhase;
			buildActionMask = 2147483647;
			files = (
				B001 /* EnglishRepeaterApp.swift in Sources */,
				B004 /* LibraryItem.swift in Sources */,
				B005 /* LibraryView.swift in Sources */,
				B006 /* PlayerView.swift in Sources */,
				B002 /* PlayerViewModel.swift in Sources */,
				B003 /* SettingsView.swift in Sources */,
				B008 /* SpeechRecognizer.swift in Sources */,
				B009 /* AIExplainer.swift in Sources */,
				B010 /* ListeningStats.swift in Sources */,
				B011 /* Theme.swift in Sources */,
				B012 /* Folder.swift in Sources */,
				B013 /* LyricTrack.swift in Sources */,
			);
			runOnlyForDeploymentPostprocessing = 0;
		};
/* End PBXSourcesBuildPhase section */

/* Begin XCBuildConfiguration section */
		XCC001 /* Debug */ = {
			isa = XCBuildConfiguration;
			buildSettings = {
				ALWAYS_SEARCH_USER_PATHS = NO;
				CLANG_ANALYZER_NONNULL = YES;
				CLANG_ANALYZER_NUMBER_OBJECT_CONVERSION = YES_AGGRESSIVE;
				CLANG_CXX_LANGUAGE_STANDARD = "gnu++20";
				CLANG_ENABLE_MODULES = YES;
				CLANG_ENABLE_OBJC_ARC = YES;
				CLANG_ENABLE_OBJC_WEAK = YES;
				CLANG_WARN_BLOCK_CAPTURE_AUTORELEASING = YES;
				CLANG_WARN_BOOL_CONVERSION = YES;
				CLANG_WARN_COMMA = YES;
				CLANG_WARN_CONSTANT_CONVERSION = YES;
				CLANG_WARN_DEPRECATED_OBJC_IMPLEMENTATIONS = YES;
				CLANG_WARN_DIRECT_OBJC_ISA_USAGE = YES_ERROR;
				CLANG_WARN_DOCUMENTATION_COMMENTS = YES;
				CLANG_WARN_EMPTY_BODY = YES;
				CLANG_WARN_ENUM_CONVERSION = YES;
				CLANG_WARN_INFINITE_RECURSION = YES;
				CLANG_WARN_INT_CONVERSION = YES;
				CLANG_WARN_NON_LITERAL_NULL_CONVERSION = YES;
				CLANG_WARN_OBJC_IMPLICIT_RETAIN_CYCLE = YES;
				CLANG_WARN_OBJC_IMPLICIT_RETAIN_SELF = YES;
				CLANG_WARN_OBJC_LITERAL_CONVERSION = YES;
				CLANG_WARN_OBJC_ROOT_CLASS = YES_ERROR;
				CLANG_WARN_QUOTED_INCLUDE_IN_FRAMEWORK_HEADER = YES;
				CLANG_WARN_RANGE_LOOP_ANALYSIS = YES;
				CLANG_WARN_STRICT_PROTOTYPES = YES;
				CLANG_WARN_SUSPICIOUS_MOVE = YES;
				CLANG_WARN_UNGUARDED_AVAILABILITY = YES_AGGRESSIVE;
				CLANG_WARN_UNREACHABLE_CODE = YES;
				CLANG_WARN__DUPLICATE_METHOD_MATCH = YES;
				COPY_PHASE_STRIP = NO;
				DEBUG_INFORMATION_FORMAT = dwarf;
				ENABLE_STRICT_OBJC_MSGSEND = YES;
				ENABLE_TESTABILITY = YES;
				ENABLE_USER_SCRIPT_SANDBOXING = YES;
				GCC_C_LANGUAGE_STANDARD = gnu17;
				GCC_DYNAMIC_NO_PIC = NO;
				GCC_NO_COMMON_BLOCKS = YES;
				GCC_OPTIMIZATION_LEVEL = 0;
				GCC_PREPROCESSOR_DEFINITIONS = (
					"DEBUG=1",
					"$(inherited)",
				);
				GCC_WARN_64_TO_32_BIT_CONVERSION = YES;
				GCC_WARN_ABOUT_RETURN_TYPE = YES_ERROR;
				GCC_WARN_UNDECLARED_SELECTOR = YES;
				GCC_WARN_UNINITIALIZED_AUTOS = YES_AGGRESSIVE;
				GCC_WARN_UNUSED_FUNCTION = YES;
				GCC_WARN_UNUSED_VARIABLE = YES;
				IPHONEOS_DEPLOYMENT_TARGET = 16.0;
				MTL_ENABLE_DEBUG_INFO = INCLUDE_SOURCE;
				MTL_FAST_MATH = YES;
				ONLY_ACTIVE_ARCH = YES;
				SDKROOT = iphoneos;
				SWIFT_ACTIVE_COMPILATION_CONDITIONS = "DEBUG $(inherited)";
				SWIFT_OPTIMIZATION_LEVEL = "-Onone";
			};
			name = Debug;
		};
		XCC002 /* Release */ = {
			isa = XCBuildConfiguration;
			buildSettings = {
				ALWAYS_SEARCH_USER_PATHS = NO;
				CLANG_ANALYZER_NONNULL = YES;
				CLANG_ANALYZER_NUMBER_OBJECT_CONVERSION = YES_AGGRESSIVE;
				CLANG_CXX_LANGUAGE_STANDARD = "gnu++20";
				CLANG_ENABLE_MODULES = YES;
				CLANG_ENABLE_OBJC_ARC = YES;
				CLANG_ENABLE_OBJC_WEAK = YES;
				CLANG_WARN_BLOCK_CAPTURE_AUTORELEASING = YES;
				CLANG_WARN_BOOL_CONVERSION = YES;
				CLANG_WARN_COMMA = YES;
				CLANG_WARN_CONSTANT_CONVERSION = YES;
				CLANG_WARN_DEPRECATED_OBJC_IMPLEMENTATIONS = YES;
				CLANG_WARN_DIRECT_OBJC_ISA_USAGE = YES_ERROR;
				CLANG_WARN_DOCUMENTATION_COMMENTS = YES;
				CLANG_WARN_EMPTY_BODY = YES;
				CLANG_WARN_ENUM_CONVERSION = YES;
				CLANG_WARN_INFINITE_RECURSION = YES;
				CLANG_WARN_INT_CONVERSION = YES;
				CLANG_WARN_NON_LITERAL_NULL_CONVERSION = YES;
				CLANG_WARN_OBJC_IMPLICIT_RETAIN_CYCLE = YES;
				CLANG_WARN_OBJC_IMPLICIT_RETAIN_SELF = YES;
				CLANG_WARN_OBJC_LITERAL_CONVERSION = YES;
				CLANG_WARN_OBJC_ROOT_CLASS = YES_ERROR;
				CLANG_WARN_QUOTED_INCLUDE_IN_FRAMEWORK_HEADER = YES;
				CLANG_WARN_RANGE_LOOP_ANALYSIS = YES;
				CLANG_WARN_STRICT_PROTOTYPES = YES;
				CLANG_WARN_SUSPICIOUS_MOVE = YES;
				CLANG_WARN_UNGUARDED_AVAILABILITY = YES_AGGRESSIVE;
				CLANG_WARN_UNREACHABLE_CODE = YES;
				CLANG_WARN__DUPLICATE_METHOD_MATCH = YES;
				COPY_PHASE_STRIP = NO;
				DEBUG_INFORMATION_FORMAT = "dwarf-with-dsym";
				ENABLE_NS_ASSERTIONS = NO;
				ENABLE_STRICT_OBJC_MSGSEND = YES;
				ENABLE_USER_SCRIPT_SANDBOXING = YES;
				GCC_C_LANGUAGE_STANDARD = gnu17;
				GCC_NO_COMMON_BLOCKS = YES;
				GCC_WARN_64_TO_32_BIT_CONVERSION = YES;
				GCC_WARN_ABOUT_RETURN_TYPE = YES_ERROR;
				GCC_WARN_UNDECLARED_SELECTOR = YES;
				GCC_WARN_UNINITIALIZED_AUTOS = YES_AGGRESSIVE;
				GCC_WARN_UNUSED_FUNCTION = YES;
				GCC_WARN_UNUSED_VARIABLE = YES;
				IPHONEOS_DEPLOYMENT_TARGET = 16.0;
				MTL_FAST_MATH = YES;
				SDKROOT = iphoneos;
				SWIFT_COMPILATION_MODE = wholemodule;
				SWIFT_OPTIMIZATION_LEVEL = "-O";
				VALIDATE_PRODUCT = YES;
			};
			name = Release;
		};
		XCC003 /* Debug */ = {
			isa = XCBuildConfiguration;
			buildSettings = {
				ASSETCATALOG_COMPILER_APPICON_NAME = AppIcon;
				ASSETCATALOG_COMPILER_GLOBAL_ACCENT_COLOR_NAME = AccentColor;
				CODE_SIGN_STYLE = Automatic;
				CURRENT_PROJECT_VERSION = 1;
			DEVELOPMENT_ASSET_PATHS = "EnglishRepeater/Assets.xcassets";
			DEVELOPMENT_TEAM = J6BHFMGU9U;
			ENABLE_PREVIEWS = YES;
			GENERATE_INFOPLIST_FILE = NO;
			INFOPLIST_FILE = EnglishRepeater/Info.plist;
			IPHONEOS_DEPLOYMENT_TARGET = 16.0;
			LD_RUNPATH_SEARCH_PATHS = (
				"$(inherited)",
				"@executable_path/Frameworks",
			);
			MARKETING_VERSION = 1.0;
			PRODUCT_BUNDLE_IDENTIFIER = com.ben.EnglishRepeater;
			PRODUCT_NAME = "$(TARGET_NAME)";
			SWIFT_EMIT_LOC_STRINGS = YES;
			SWIFT_VERSION = 5.0;
			TARGETED_DEVICE_FAMILY = 1;
		};
			name = Debug;
		};
		XCC004 /* Release */ = {
			isa = XCBuildConfiguration;
			buildSettings = {
				ASSETCATALOG_COMPILER_APPICON_NAME = AppIcon;
				ASSETCATALOG_COMPILER_GLOBAL_ACCENT_COLOR_NAME = AccentColor;
				CODE_SIGN_STYLE = Automatic;
				CURRENT_PROJECT_VERSION = 1;
			DEVELOPMENT_ASSET_PATHS = "EnglishRepeater/Assets.xcassets";
			DEVELOPMENT_TEAM = J6BHFMGU9U;
			ENABLE_PREVIEWS = YES;
			GENERATE_INFOPLIST_FILE = NO;
			INFOPLIST_FILE = EnglishRepeater/Info.plist;
			IPHONEOS_DEPLOYMENT_TARGET = 16.0;
			LD_RUNPATH_SEARCH_PATHS = (
				"$(inherited)",
				"@executable_path/Frameworks",
			);
			MARKETING_VERSION = 1.0;
			PRODUCT_BUNDLE_IDENTIFIER = com.ben.EnglishRepeater;
			PRODUCT_NAME = "$(TARGET_NAME)";
			SWIFT_EMIT_LOC_STRINGS = YES;
			SWIFT_VERSION = 5.0;
			TARGETED_DEVICE_FAMILY = 1;
		};
			name = Release;
		};
/* End XCBuildConfiguration section */

/* Begin XCConfigurationList section */
		XCL000 /* Build configuration list for PBXProject "EnglishRepeater" */ = {
			isa = XCConfigurationList;
			buildConfigurations = (
				XCC001 /* Debug */,
				XCC002 /* Release */,
			);
			defaultConfigurationIsVisible = 0;
			defaultConfigurationName = Release;
		};
		XCL001 /* Build configuration list for PBXNativeTarget "EnglishRepeater" */ = {
			isa = XCConfigurationList;
			buildConfigurations = (
				XCC003 /* Debug */,
				XCC004 /* Release */,
			);
			defaultConfigurationIsVisible = 0;
			defaultConfigurationName = Release;
		};
/* End XCConfigurationList section */
	};
	rootObject = P001 /* Project object */;
}
